
Microsoft Visual Studio Solution File, Format Version 12.00
# Visual Studio Version 16
VisualStudioVersion = 16.0.31911.196
MinimumVisualStudioVersion = 10.0.40219.1
Project("{FAE04EC0-301F-11D3-BF4B-00C04F79EFBC}") = "Analizator", "Analizator.csproj", "{C792935D-3A3B-4D95-8E12-6C2611B7A227}"
EndProject
Global
	GlobalSection(SolutionConfigurationPlatforms) = preSolution
		Debug|Any CPU = Debug|Any CPU
		Release|Any CPU = Release|Any CPU
	EndGlobalSection
	GlobalSection(ProjectConfigurationPlatforms) = postSolution
		{C792935D-3A3B-4D95-8E12-6C2611B7A227}.Debug|Any CPU.ActiveCfg = Debug|Any CPU
		{C792935D-3A3B-4D95-8E12-6C2611B7A227}.Debug|Any CPU.Build.0 = Debug|Any CPU
		{C792935D-3A3B-4D95-8E12-6C2611B7A227}.Release|Any CPU.ActiveCfg = Release|Any CPU
		{C792935D-3A3B-4D95-8E12-6C2611B7A227}.Release|Any CPU.Build.0 = Release|Any CPU
	EndGlobalSection
	GlobalSection(SolutionProperties) = preSolution
		HideSolutionNode = FALSE
	EndGlobalSection
	GlobalSection(ExtensibilityGlobals) = postSolution
		SolutionGuid = {A0329C17-1E15-440D-9B76-A9911F1421C2}
	EndGlobalSection
EndGlobal
